
Microsoft Visual Studio Solution File, Format Version 12.00
# Visual Studio Version 16
VisualStudioVersion = 16.0.29009.5
MinimumVisualStudioVersion = 10.0.40219.1
Project("{FAE04EC0-301F-11D3-BF4B-00C04F79EFBC}") = "AlertManagerApp", "AlertManagerApp\AlertManagerApp.csproj", "{A6DA5766-7BB1-4441-9581-1D605738F284}"
EndProject
Project("{FAE04EC0-301F-11D3-BF4B-00C04F79EFBC}") = "ApiService", "ApiService\ApiService.csproj", "{0FDE5EDF-4907-4D04-B69F-DDC81DC4B913}"
EndProject
Global
	GlobalSection(SolutionConfigurationPlatforms) = preSolution
		Debug|Any CPU = Debug|Any CPU
		Release|Any CPU = Release|Any CPU
	EndGlobalSection
	GlobalSection(ProjectConfigurationPlatforms) = postSolution
		{A6DA5766-7BB1-4441-9581-1D605738F284}.Debug|Any CPU.ActiveCfg = Debug|Any CPU
		{A6DA5766-7BB1-4441-9581-1D605738F284}.Debug|Any CPU.Build.0 = Debug|Any CPU
		{A6DA5766-7BB1-4441-9581-1D605738F284}.Release|Any CPU.ActiveCfg = Release|Any CPU
		{A6DA5766-7BB1-4441-9581-1D605738F284}.Release|Any CPU.Build.0 = Release|Any CPU
		{0FDE5EDF-4907-4D04-B69F-DDC81DC4B913}.Debug|Any CPU.ActiveCfg = Debug|Any CPU
		{0FDE5EDF-4907-4D04-B69F-DDC81DC4B913}.Debug|Any CPU.Build.0 = Debug|Any CPU
		{0FDE5EDF-4907-4D04-B69F-DDC81DC4B913}.Release|Any CPU.ActiveCfg = Release|Any CPU
		{0FDE5EDF-4907-4D04-B69F-DDC81DC4B913}.Release|Any CPU.Build.0 = Release|Any CPU
	EndGlobalSection
	GlobalSection(SolutionProperties) = preSolution
		HideSolutionNode = FALSE
	EndGlobalSection
	GlobalSection(ExtensibilityGlobals) = postSolution
		SolutionGuid = {8110037E-1310-4944-A88F-1DD6EDC13DBC}
	EndGlobalSection
EndGlobal
